
Microsoft Visual Studio Solution File, Format Version 12.00
# Visual Studio 15
VisualStudioVersion = 15.0.28307.136
MinimumVisualStudioVersion = 10.0.40219.1
Project("{2150E333-8FDC-42A3-9474-1A3956D46DE8}") = "src", "src", "{6031D9C6-E626-4E79-91BB-C25FF4639B1A}"
EndProject
Project("{2150E333-8FDC-42A3-9474-1A3956D46DE8}") = "Cat", "Cat", "{C66A9CAC-3F3A-4EFA-8A6B-0420FE2FFC82}"
EndProject
Project("{2150E333-8FDC-42A3-9474-1A3956D46DE8}") = "Cat.Modules", "Cat.Modules", "{98127F50-0C48-442E-BCE1-06FAEED3647A}"
EndProject
Project("{2150E333-8FDC-42A3-9474-1A3956D46DE8}") = "Targets", "Targets", "{00CEFC02-453F-4AC0-B3E5-F150F5427081}"
EndProject
Project("{9A19103F-16F7-4668-BE54-9A1E7A4F7556}") = "Cat.Web", "src\Cat.Web\Cat.Web.csproj", "{CFCC4701-DB61-4D2D-A697-BB7B0C79251B}"
EndProject
Project("{9A19103F-16F7-4668-BE54-9A1E7A4F7556}") = "Cat.Modules.Targets", "src\Targets\Cat.Modules.Targets\Cat.Modules.Targets.csproj", "{0A383564-EC2A-4D3D-9464-C19BDCC81871}"
EndProject
Project("{9A19103F-16F7-4668-BE54-9A1E7A4F7556}") = "Cat.Core", "src\Cat\Cat.Core\Cat.Core.csproj", "{0017505B-85EF-46EE-8F9B-3B2D58C2D3E0}"
EndProject
Project("{9A19103F-16F7-4668-BE54-9A1E7A4F7556}") = "Cat.EntityFramework", "src\Cat\Cat.EntityFramework\Cat.EntityFramework.csproj", "{23D6EAF2-91BD-4470-9810-2C9BE6A46AFA}"
EndProject
Project("{9A19103F-16F7-4668-BE54-9A1E7A4F7556}") = "Cat.Authorization", "src\Cat.Modules\Cat.Authorization\Cat.Authorization.csproj", "{989E3A80-03FD-45E2-B96E-A305D1D6F433}"
EndProject
Project("{9A19103F-16F7-4668-BE54-9A1E7A4F7556}") = "Cat.System", "src\Cat.Modules\Cat.System\Cat.System.csproj", "{2213B47E-19EB-4C13-9DBA-4B34A187AB29}"
EndProject
Project("{9A19103F-16F7-4668-BE54-9A1E7A4F7556}") = "Cat.Users", "src\Cat.Modules\Cat.Users\Cat.Users.csproj", "{F524B49E-816D-4B93-8E22-90C90721B932}"
EndProject
Project("{9A19103F-16F7-4668-BE54-9A1E7A4F7556}") = "Cat.DotNetty.Targets", "src\Targets\Cat.DotNetty.Targets\Cat.DotNetty.Targets.csproj", "{A09E0682-31B5-4B37-9DD9-36C6947876B0}"
EndProject
Project("{2150E333-8FDC-42A3-9474-1A3956D46DE8}") = "Cat.IM", "Cat.IM", "{E5E70E61-D433-4E04-8036-F5E6EA97526D}"
EndProject
Project("{2150E333-8FDC-42A3-9474-1A3956D46DE8}") = "Cat.Modules.IM", "Cat.Modules.IM", "{68317F7C-1C98-4681-9E2D-978CCC4E654B}"
EndProject
Project("{9A19103F-16F7-4668-BE54-9A1E7A4F7556}") = "Cat.IM.Google.Protobuf", "src\Cat.Modules.IM\Cat.IM.Google.Protobuf\Cat.IM.Google.Protobuf.csproj", "{2506271C-FDDE-4227-B844-F747A9B091B1}"
EndProject
Project("{9A19103F-16F7-4668-BE54-9A1E7A4F7556}") = "Cat.IM.Server", "src\Cat.IM\Cat.IM.Server\Cat.IM.Server.csproj", "{C62410F7-6A5F-41C9-A77C-9A0C517C373A}"
EndProject
Project("{9A19103F-16F7-4668-BE54-9A1E7A4F7556}") = "Cat.IM.Core", "src\Cat.Modules.IM\Cat.IM.Core\Cat.IM.Core.csproj", "{160D2256-B84D-4185-A4E2-98EF0AE363B2}"
EndProject
Project("{9A19103F-16F7-4668-BE54-9A1E7A4F7556}") = "Cat.IM.Client", "src\Cat.IM\Cat.IM.Client\Cat.IM.Client.csproj", "{494267FA-967E-4989-9BE7-67CBEEE0DA73}"
EndProject
Project("{FAE04EC0-301F-11D3-BF4B-00C04F79EFBC}") = "Cat.Chat", "src\Cat.Modules\Cat.Chat\Cat.Chat.csproj", "{0226B48F-0FE9-4139-B2A0-0E5A4F7FC6A4}"
EndProject
Global
	GlobalSection(SolutionConfigurationPlatforms) = preSolution
		Debug|Any CPU = Debug|Any CPU
		Release|Any CPU = Release|Any CPU
	EndGlobalSection
	GlobalSection(ProjectConfigurationPlatforms) = postSolution
		{CFCC4701-DB61-4D2D-A697-BB7B0C79251B}.Debug|Any CPU.ActiveCfg = Debug|Any CPU
		{CFCC4701-DB61-4D2D-A697-BB7B0C79251B}.Debug|Any CPU.Build.0 = Debug|Any CPU
		{CFCC4701-DB61-4D2D-A697-BB7B0C79251B}.Release|Any CPU.ActiveCfg = Release|Any CPU
		{CFCC4701-DB61-4D2D-A697-BB7B0C79251B}.Release|Any CPU.Build.0 = Release|Any CPU
		{0A383564-EC2A-4D3D-9464-C19BDCC81871}.Debug|Any CPU.ActiveCfg = Debug|Any CPU
		{0A383564-EC2A-4D3D-9464-C19BDCC81871}.Debug|Any CPU.Build.0 = Debug|Any CPU
		{0A383564-EC2A-4D3D-9464-C19BDCC81871}.Release|Any CPU.ActiveCfg = Release|Any CPU
		{0A383564-EC2A-4D3D-9464-C19BDCC81871}.Release|Any CPU.Build.0 = Release|Any CPU
		{0017505B-85EF-46EE-8F9B-3B2D58C2D3E0}.Debug|Any CPU.ActiveCfg = Debug|Any CPU
		{0017505B-85EF-46EE-8F9B-3B2D58C2D3E0}.Debug|Any CPU.Build.0 = Debug|Any CPU
		{0017505B-85EF-46EE-8F9B-3B2D58C2D3E0}.Release|Any CPU.ActiveCfg = Release|Any CPU
		{0017505B-85EF-46EE-8F9B-3B2D58C2D3E0}.Release|Any CPU.Build.0 = Release|Any CPU
		{23D6EAF2-91BD-4470-9810-2C9BE6A46AFA}.Debug|Any CPU.ActiveCfg = Debug|Any CPU
		{23D6EAF2-91BD-4470-9810-2C9BE6A46AFA}.Debug|Any CPU.Build.0 = Debug|Any CPU
		{23D6EAF2-91BD-4470-9810-2C9BE6A46AFA}.Release|Any CPU.ActiveCfg = Release|Any CPU
		{23D6EAF2-91BD-4470-9810-2C9BE6A46AFA}.Release|Any CPU.Build.0 = Release|Any CPU
		{989E3A80-03FD-45E2-B96E-A305D1D6F433}.Debug|Any CPU.ActiveCfg = Debug|Any CPU
		{989E3A80-03FD-45E2-B96E-A305D1D6F433}.Debug|Any CPU.Build.0 = Debug|Any CPU
		{989E3A80-03FD-45E2-B96E-A305D1D6F433}.Release|Any CPU.ActiveCfg = Release|Any CPU
		{989E3A80-03FD-45E2-B96E-A305D1D6F433}.Release|Any CPU.Build.0 = Release|Any CPU
		{2213B47E-19EB-4C13-9DBA-4B34A187AB29}.Debug|Any CPU.ActiveCfg = Debug|Any CPU
		{2213B47E-19EB-4C13-9DBA-4B34A187AB29}.Debug|Any CPU.Build.0 = Debug|Any CPU
		{2213B47E-19EB-4C13-9DBA-4B34A187AB29}.Release|Any CPU.ActiveCfg = Release|Any CPU
		{2213B47E-19EB-4C13-9DBA-4B34A187AB29}.Release|Any CPU.Build.0 = Release|Any CPU
		{F524B49E-816D-4B93-8E22-90C90721B932}.Debug|Any CPU.ActiveCfg = Debug|Any CPU
		{F524B49E-816D-4B93-8E22-90C90721B932}.Debug|Any CPU.Build.0 = Debug|Any CPU
		{F524B49E-816D-4B93-8E22-90C90721B932}.Release|Any CPU.ActiveCfg = Release|Any CPU
		{F524B49E-816D-4B93-8E22-90C90721B932}.Release|Any CPU.Build.0 = Release|Any CPU
		{A09E0682-31B5-4B37-9DD9-36C6947876B0}.Debug|Any CPU.ActiveCfg = Debug|Any CPU
		{A09E0682-31B5-4B37-9DD9-36C6947876B0}.Debug|Any CPU.Build.0 = Debug|Any CPU
		{A09E0682-31B5-4B37-9DD9-36C6947876B0}.Release|Any CPU.ActiveCfg = Release|Any CPU
		{A09E0682-31B5-4B37-9DD9-36C6947876B0}.Release|Any CPU.Build.0 = Release|Any CPU
		{2506271C-FDDE-4227-B844-F747A9B091B1}.Debug|Any CPU.ActiveCfg = Debug|Any CPU
		{2506271C-FDDE-4227-B844-F747A9B091B1}.Debug|Any CPU.Build.0 = Debug|Any CPU
		{2506271C-FDDE-4227-B844-F747A9B091B1}.Release|Any CPU.ActiveCfg = Release|Any CPU
		{2506271C-FDDE-4227-B844-F747A9B091B1}.Release|Any CPU.Build.0 = Release|Any CPU
		{C62410F7-6A5F-41C9-A77C-9A0C517C373A}.Debug|Any CPU.ActiveCfg = Debug|Any CPU
		{C62410F7-6A5F-41C9-A77C-9A0C517C373A}.Debug|Any CPU.Build.0 = Debug|Any CPU
		{C62410F7-6A5F-41C9-A77C-9A0C517C373A}.Release|Any CPU.ActiveCfg = Release|Any CPU
		{C62410F7-6A5F-41C9-A77C-9A0C517C373A}.Release|Any CPU.Build.0 = Release|Any CPU
		{160D2256-B84D-4185-A4E2-98EF0AE363B2}.Debug|Any CPU.ActiveCfg = Debug|Any CPU
		{160D2256-B84D-4185-A4E2-98EF0AE363B2}.Debug|Any CPU.Build.0 = Debug|Any CPU
		{160D2256-B84D-4185-A4E2-98EF0AE363B2}.Release|Any CPU.ActiveCfg = Release|Any CPU
		{160D2256-B84D-4185-A4E2-98EF0AE363B2}.Release|Any CPU.Build.0 = Release|Any CPU
		{494267FA-967E-4989-9BE7-67CBEEE0DA73}.Debug|Any CPU.ActiveCfg = Debug|Any CPU
		{494267FA-967E-4989-9BE7-67CBEEE0DA73}.Debug|Any CPU.Build.0 = Debug|Any CPU
		{494267FA-967E-4989-9BE7-67CBEEE0DA73}.Release|Any CPU.ActiveCfg = Release|Any CPU
		{494267FA-967E-4989-9BE7-67CBEEE0DA73}.Release|Any CPU.Build.0 = Release|Any CPU
		{0226B48F-0FE9-4139-B2A0-0E5A4F7FC6A4}.Debug|Any CPU.ActiveCfg = Debug|Any CPU
		{0226B48F-0FE9-4139-B2A0-0E5A4F7FC6A4}.Debug|Any CPU.Build.0 = Debug|Any CPU
		{0226B48F-0FE9-4139-B2A0-0E5A4F7FC6A4}.Release|Any CPU.ActiveCfg = Release|Any CPU
		{0226B48F-0FE9-4139-B2A0-0E5A4F7FC6A4}.Release|Any CPU.Build.0 = Release|Any CPU
	EndGlobalSection
	GlobalSection(SolutionProperties) = preSolution
		HideSolutionNode = FALSE
	EndGlobalSection
	GlobalSection(NestedProjects) = preSolution
		{C66A9CAC-3F3A-4EFA-8A6B-0420FE2FFC82} = {6031D9C6-E626-4E79-91BB-C25FF4639B1A}
		{98127F50-0C48-442E-BCE1-06FAEED3647A} = {6031D9C6-E626-4E79-91BB-C25FF4639B1A}
		{00CEFC02-453F-4AC0-B3E5-F150F5427081} = {6031D9C6-E626-4E79-91BB-C25FF4639B1A}
		{CFCC4701-DB61-4D2D-A697-BB7B0C79251B} = {6031D9C6-E626-4E79-91BB-C25FF4639B1A}
		{0A383564-EC2A-4D3D-9464-C19BDCC81871} = {00CEFC02-453F-4AC0-B3E5-F150F5427081}
		{0017505B-85EF-46EE-8F9B-3B2D58C2D3E0} = {C66A9CAC-3F3A-4EFA-8A6B-0420FE2FFC82}
		{23D6EAF2-91BD-4470-9810-2C9BE6A46AFA} = {C66A9CAC-3F3A-4EFA-8A6B-0420FE2FFC82}
		{989E3A80-03FD-45E2-B96E-A305D1D6F433} = {98127F50-0C48-442E-BCE1-06FAEED3647A}
		{2213B47E-19EB-4C13-9DBA-4B34A187AB29} = {98127F50-0C48-442E-BCE1-06FAEED3647A}
		{F524B49E-816D-4B93-8E22-90C90721B932} = {98127F50-0C48-442E-BCE1-06FAEED3647A}
		{A09E0682-31B5-4B37-9DD9-36C6947876B0} = {00CEFC02-453F-4AC0-B3E5-F150F5427081}
		{E5E70E61-D433-4E04-8036-F5E6EA97526D} = {6031D9C6-E626-4E79-91BB-C25FF4639B1A}
		{68317F7C-1C98-4681-9E2D-978CCC4E654B} = {6031D9C6-E626-4E79-91BB-C25FF4639B1A}
		{2506271C-FDDE-4227-B844-F747A9B091B1} = {68317F7C-1C98-4681-9E2D-978CCC4E654B}
		{C62410F7-6A5F-41C9-A77C-9A0C517C373A} = {E5E70E61-D433-4E04-8036-F5E6EA97526D}
		{160D2256-B84D-4185-A4E2-98EF0AE363B2} = {68317F7C-1C98-4681-9E2D-978CCC4E654B}
		{494267FA-967E-4989-9BE7-67CBEEE0DA73} = {E5E70E61-D433-4E04-8036-F5E6EA97526D}
		{0226B48F-0FE9-4139-B2A0-0E5A4F7FC6A4} = {98127F50-0C48-442E-BCE1-06FAEED3647A}
	EndGlobalSection
	GlobalSection(ExtensibilityGlobals) = postSolution
		SolutionGuid = {092F1259-8817-4421-B40F-A3A9F1A5163E}
	EndGlobalSection
EndGlobal
